
Microsoft Visual Studio Solution File, Format Version 12.00
# Visual Studio Version 17
VisualStudioVersion = 17.11.35312.102
MinimumVisualStudioVersion = 10.0.40219.1
Project("{FAE04EC0-301F-11D3-BF4B-00C04F79EFBC}") = "Esercizio1Git", "Esercizio1Git.csproj", "{ACF3CBDB-9D8E-4B34-9A6F-D463AC0077FB}"
EndProject
Global
	GlobalSection(SolutionConfigurationPlatforms) = preSolution
		Debug|Any CPU = Debug|Any CPU
		Release|Any CPU = Release|Any CPU
	EndGlobalSection
	GlobalSection(ProjectConfigurationPlatforms) = postSolution
		{ACF3CBDB-9D8E-4B34-9A6F-D463AC0077FB}.Debug|Any CPU.ActiveCfg = Debug|Any CPU
		{ACF3CBDB-9D8E-4B34-9A6F-D463AC0077FB}.Debug|Any CPU.Build.0 = Debug|Any CPU
		{ACF3CBDB-9D8E-4B34-9A6F-D463AC0077FB}.Release|Any CPU.ActiveCfg = Release|Any CPU
		{ACF3CBDB-9D8E-4B34-9A6F-D463AC0077FB}.Release|Any CPU.Build.0 = Release|Any CPU
	EndGlobalSection
	GlobalSection(SolutionProperties) = preSolution
		HideSolutionNode = FALSE
	EndGlobalSection
	GlobalSection(ExtensibilityGlobals) = postSolution
		SolutionGuid = {BEC685D3-2D62-41F4-936F-AA87FB86274E}
	EndGlobalSection
EndGlobal
